// !$*UTF8*$!
{
	archiveVersion = 1;
	classes = {
	};
	objectVersion = 56;
	objects = {

/* Begin PBXBuildFile section */
		78B1C6B92CE33EC300360F92 /* App1039App.swift in Sources */ = {isa = PBXBuildFile; fileRef = 78B1C6B82CE33EC300360F92 /* App1039App.swift */; };
		78B1C6BB2CE33EC300360F92 /* ContentView.swift in Sources */ = {isa = PBXBuildFile; fileRef = 78B1C6BA2CE33EC300360F92 /* ContentView.swift */; };
		78B1C6BD2CE33EC500360F92 /* Assets.xcassets in Resources */ = {isa = PBXBuildFile; fileRef = 78B1C6BC2CE33EC500360F92 /* Assets.xcassets */; };
		78B1C6C12CE33EC500360F92 /* Preview Assets.xcassets in Resources */ = {isa = PBXBuildFile; fileRef = 78B1C6C02CE33EC500360F92 /* Preview Assets.xcassets */; };
		78B1C6CF2CE33F0200360F92 /* LoadingView.swift in Sources */ = {isa = PBXBuildFile; fileRef = 78B1C6CE2CE33F0200360F92 /* LoadingView.swift */; };
		78B1C6D32CE33F1500360F92 /* Launch Screen.storyboard in Resources */ = {isa = PBXBuildFile; fileRef = 78B1C6D22CE33F1500360F92 /* Launch Screen.storyboard */; };
		78B1C6D52CE33F1C00360F92 /* TabBar.swift in Sources */ = {isa = PBXBuildFile; fileRef = 78B1C6D42CE33F1C00360F92 /* TabBar.swift */; };
		78B1C6D82CE33F2700360F92 /* CoreModel.xcdatamodeld in Sources */ = {isa = PBXBuildFile; fileRef = 78B1C6D62CE33F2700360F92 /* CoreModel.xcdatamodeld */; };
		78B1C6DA2CE33F2E00360F92 /* Array.swift in Sources */ = {isa = PBXBuildFile; fileRef = 78B1C6D92CE33F2E00360F92 /* Array.swift */; };
		78B1C6DC2CE33F3700360F92 /* CoreDataStack.swift in Sources */ = {isa = PBXBuildFile; fileRef = 78B1C6DB2CE33F3700360F92 /* CoreDataStack.swift */; };
		78B1C6E12CE33F7600360F92 /* SettingsView.swift in Sources */ = {isa = PBXBuildFile; fileRef = 78B1C6E02CE33F7600360F92 /* SettingsView.swift */; };
		78B1C6E32CE33F7D00360F92 /* TimetableView.swift in Sources */ = {isa = PBXBuildFile; fileRef = 78B1C6E22CE33F7D00360F92 /* TimetableView.swift */; };
		78B1C6ED2CE3464C00360F92 /* U1.swift in Sources */ = {isa = PBXBuildFile; fileRef = 78B1C6EC2CE3464C00360F92 /* U1.swift */; };
		78B1C6EF2CE3465200360F92 /* Reviews.swift in Sources */ = {isa = PBXBuildFile; fileRef = 78B1C6EE2CE3465200360F92 /* Reviews.swift */; };
		78B1C6F12CE3465800360F92 /* Notif.swift in Sources */ = {isa = PBXBuildFile; fileRef = 78B1C6F02CE3465800360F92 /* Notif.swift */; };
		78B1C7012CE3864300360F92 /* TimetableViewModel.swift in Sources */ = {isa = PBXBuildFile; fileRef = 78B1C7002CE3864300360F92 /* TimetableViewModel.swift */; };
		78B1C7032CE3872F00360F92 /* DateConvert.swift in Sources */ = {isa = PBXBuildFile; fileRef = 78B1C7022CE3872F00360F92 /* DateConvert.swift */; };
		78B1C7062CE38F2D00360F92 /* AddTime.swift in Sources */ = {isa = PBXBuildFile; fileRef = 78B1C7052CE38F2D00360F92 /* AddTime.swift */; };
		78B1C7092CE394D300360F92 /* MatchDetail.swift in Sources */ = {isa = PBXBuildFile; fileRef = 78B1C7082CE394D300360F92 /* MatchDetail.swift */; };
/* End PBXBuildFile section */

/* Begin PBXFileReference section */
		78B1C6B52CE33EC300360F92 /* App1039.app */ = {isa = PBXFileReference; explicitFileType = wrapper.application; includeInIndex = 0; path = App1039.app; sourceTree = BUILT_PRODUCTS_DIR; };
		78B1C6B82CE33EC300360F92 /* App1039App.swift */ = {isa = PBXFileReference; lastKnownFileType = sourcecode.swift; path = App1039App.swift; sourceTree = "<group>"; };
		78B1C6BA2CE33EC300360F92 /* ContentView.swift */ = {isa = PBXFileReference; lastKnownFileType = sourcecode.swift; path = ContentView.swift; sourceTree = "<group>"; };
		78B1C6BC2CE33EC500360F92 /* Assets.xcassets */ = {isa = PBXFileReference; lastKnownFileType = folder.assetcatalog; path = Assets.xcassets; sourceTree = "<group>"; };
		78B1C6BE2CE33EC500360F92 /* App1039.entitlements */ = {isa = PBXFileReference; lastKnownFileType = text.plist.entitlements; path = App1039.entitlements; sourceTree = "<group>"; };
		78B1C6C02CE33EC500360F92 /* Preview Assets.xcassets */ = {isa = PBXFileReference; lastKnownFileType = folder.assetcatalog; path = "Preview Assets.xcassets"; sourceTree = "<group>"; };
		78B1C6CE2CE33F0200360F92 /* LoadingView.swift */ = {isa = PBXFileReference; lastKnownFileType = sourcecode.swift; path = LoadingView.swift; sourceTree = "<group>"; };
		78B1C6D22CE33F1500360F92 /* Launch Screen.storyboard */ = {isa = PBXFileReference; lastKnownFileType = file.storyboard; path = "Launch Screen.storyboard"; sourceTree = "<group>"; };
		78B1C6D42CE33F1C00360F92 /* TabBar.swift */ = {isa = PBXFileReference; lastKnownFileType = sourcecode.swift; path = TabBar.swift; sourceTree = "<group>"; };
		78B1C6D72CE33F2700360F92 /* CoreModel.xcdatamodel */ = {isa = PBXFileReference; lastKnownFileType = wrapper.xcdatamodel; path = CoreModel.xcdatamodel; sourceTree = "<group>"; };
		78B1C6D92CE33F2E00360F92 /* Array.swift */ = {isa = PBXFileReference; lastKnownFileType = sourcecode.swift; path = Array.swift; sourceTree = "<group>"; };
		78B1C6DB2CE33F3700360F92 /* CoreDataStack.swift */ = {isa = PBXFileReference; lastKnownFileType = sourcecode.swift; path = CoreDataStack.swift; sourceTree = "<group>"; };
		78B1C6E02CE33F7600360F92 /* SettingsView.swift */ = {isa = PBXFileReference; lastKnownFileType = sourcecode.swift; path = SettingsView.swift; sourceTree = "<group>"; };
		78B1C6E22CE33F7D00360F92 /* TimetableView.swift */ = {isa = PBXFileReference; lastKnownFileType = sourcecode.swift; path = TimetableView.swift; sourceTree = "<group>"; };
		78B1C6EC2CE3464C00360F92 /* U1.swift */ = {isa = PBXFileReference; lastKnownFileType = sourcecode.swift; path = U1.swift; sourceTree = "<group>"; };
		78B1C6EE2CE3465200360F92 /* Reviews.swift */ = {isa = PBXFileReference; lastKnownFileType = sourcecode.swift; path = Reviews.swift; sourceTree = "<group>"; };
		78B1C6F02CE3465800360F92 /* Notif.swift */ = {isa = PBXFileReference; lastKnownFileType = sourcecode.swift; path = Notif.swift; sourceTree = "<group>"; };
		78B1C7002CE3864300360F92 /* TimetableViewModel.swift */ = {isa = PBXFileReference; lastKnownFileType = sourcecode.swift; path = TimetableViewModel.swift; sourceTree = "<group>"; };
		78B1C7022CE3872F00360F92 /* DateConvert.swift */ = {isa = PBXFileReference; lastKnownFileType = sourcecode.swift; path = DateConvert.swift; sourceTree = "<group>"; };
		78B1C7052CE38F2D00360F92 /* AddTime.swift */ = {isa = PBXFileReference; lastKnownFileType = sourcecode.swift; path = AddTime.swift; sourceTree = "<group>"; };
		78B1C7082CE394D300360F92 /* MatchDetail.swift */ = {isa = PBXFileReference; lastKnownFileType = sourcecode.swift; path = MatchDetail.swift; sourceTree = "<group>"; };
/* End PBXFileReference section */

/* Begin PBXFrameworksBuildPhase section */
		78B1C6B22CE33EC300360F92 /* Frameworks */ = {
			isa = PBXFrameworksBuildPhase;
			buildActionMask = 2147483647;
			files = (
			);
			runOnlyForDeploymentPostprocessing = 0;
		};
/* End PBXFrameworksBuildPhase section */

/* Begin PBXGroup section */
		78B1C6AC2CE33EC300360F92 = {
			isa = PBXGroup;
			children = (
				78B1C6B72CE33EC300360F92 /* App1039 */,
				78B1C6B62CE33EC300360F92 /* Products */,
			);
			sourceTree = "<group>";
		};
		78B1C6B62CE33EC300360F92 /* Products */ = {
			isa = PBXGroup;
			children = (
				78B1C6B52CE33EC300360F92 /* App1039.app */,
			);
			name = Products;
			sourceTree = "<group>";
		};
		78B1C6B72CE33EC300360F92 /* App1039 */ = {
			isa = PBXGroup;
			children = (
				78B1C6C72CE33EDA00360F92 /* All */,
				78B1C6B82CE33EC300360F92 /* App1039App.swift */,
				78B1C6BA2CE33EC300360F92 /* ContentView.swift */,
				78B1C6BC2CE33EC500360F92 /* Assets.xcassets */,
				78B1C6BE2CE33EC500360F92 /* App1039.entitlements */,
				78B1C6BF2CE33EC500360F92 /* Preview Content */,
			);
			path = App1039;
			sourceTree = "<group>";
		};
		78B1C6BF2CE33EC500360F92 /* Preview Content */ = {
			isa = PBXGroup;
			children = (
				78B1C6C02CE33EC500360F92 /* Preview Assets.xcassets */,
			);
			path = "Preview Content";
			sourceTree = "<group>";
		};
		78B1C6C72CE33EDA00360F92 /* All */ = {
			isa = PBXGroup;
			children = (
				78B1C6CB2CE33EF000360F92 /* Views */,
				78B1C6CA2CE33EEA00360F92 /* Ext */,
				78B1C6C92CE33EE300360F92 /* TabBar */,
				78B1C6C82CE33EDF00360F92 /* Start */,
			);
			path = All;
			sourceTree = "<group>";
		};
		78B1C6C82CE33EDF00360F92 /* Start */ = {
			isa = PBXGroup;
			children = (
				78B1C6D02CE33F0600360F92 /* Us */,
				78B1C6CD2CE33EFA00360F92 /* LoadingView */,
				78B1C6CC2CE33EF500360F92 /* Launch */,
			);
			path = Start;
			sourceTree = "<group>";
		};
		78B1C6C92CE33EE300360F92 /* TabBar */ = {
			isa = PBXGroup;
			children = (
				78B1C6D42CE33F1C00360F92 /* TabBar.swift */,
			);
			path = TabBar;
			sourceTree = "<group>";
		};
		78B1C6CA2CE33EEA00360F92 /* Ext */ = {
			isa = PBXGroup;
			children = (
				78B1C6D62CE33F2700360F92 /* CoreModel.xcdatamodeld */,
				78B1C6D92CE33F2E00360F92 /* Array.swift */,
				78B1C6DB2CE33F3700360F92 /* CoreDataStack.swift */,
				78B1C7022CE3872F00360F92 /* DateConvert.swift */,
			);
			path = Ext;
			sourceTree = "<group>";
		};
		78B1C6CB2CE33EF000360F92 /* Views */ = {
			isa = PBXGroup;
			children = (
				78B1C6DE2CE33F6400360F92 /* Timetable */,
				78B1C6DD2CE33F5E00360F92 /* Settings */,
			);
			path = Views;
			sourceTree = "<group>";
		};
		78B1C6CC2CE33EF500360F92 /* Launch */ = {
			isa = PBXGroup;
			children = (
				78B1C6D22CE33F1500360F92 /* Launch Screen.storyboard */,
			);
			path = Launch;
			sourceTree = "<group>";
		};
		78B1C6CD2CE33EFA00360F92 /* LoadingView */ = {
			isa = PBXGroup;
			children = (
				78B1C6CE2CE33F0200360F92 /* LoadingView.swift */,
			);
			path = LoadingView;
			sourceTree = "<group>";
		};
		78B1C6D02CE33F0600360F92 /* Us */ = {
			isa = PBXGroup;
			children = (
				78B1C6EC2CE3464C00360F92 /* U1.swift */,
				78B1C6EE2CE3465200360F92 /* Reviews.swift */,
				78B1C6F02CE3465800360F92 /* Notif.swift */,
			);
			path = Us;
			sourceTree = "<group>";
		};
		78B1C6DD2CE33F5E00360F92 /* Settings */ = {
			isa = PBXGroup;
			children = (
				78B1C6E02CE33F7600360F92 /* SettingsView.swift */,
			);
			path = Settings;
			sourceTree = "<group>";
		};
		78B1C6DE2CE33F6400360F92 /* Timetable */ = {
			isa = PBXGroup;
			children = (
				78B1C7072CE394C800360F92 /* MatchDetail */,
				78B1C7042CE38F1D00360F92 /* AddTime */,
				78B1C6E22CE33F7D00360F92 /* TimetableView.swift */,
				78B1C7002CE3864300360F92 /* TimetableViewModel.swift */,
			);
			path = Timetable;
			sourceTree = "<group>";
		};
		78B1C7042CE38F1D00360F92 /* AddTime */ = {
			isa = PBXGroup;
			children = (
				78B1C7052CE38F2D00360F92 /* AddTime.swift */,
			);
			path = AddTime;
			sourceTree = "<group>";
		};
		78B1C7072CE394C800360F92 /* MatchDetail */ = {
			isa = PBXGroup;
			children = (
				78B1C7082CE394D300360F92 /* MatchDetail.swift */,
			);
			path = MatchDetail;
			sourceTree = "<group>";
		};
/* End PBXGroup section */

/* Begin PBXNativeTarget section */
		78B1C6B42CE33EC300360F92 /* App1039 */ = {
			isa = PBXNativeTarget;
			buildConfigurationList = 78B1C6C42CE33EC500360F92 /* Build configuration list for PBXNativeTarget "App1039" */;
			buildPhases = (
				78B1C6B12CE33EC300360F92 /* Sources */,
				78B1C6B22CE33EC300360F92 /* Frameworks */,
				78B1C6B32CE33EC300360F92 /* Resources */,
			);
			buildRules = (
			);
			dependencies = (
			);
			name = App1039;
			productName = App1039;
			productReference = 78B1C6B52CE33EC300360F92 /* App1039.app */;
			productType = "com.apple.product-type.application";
		};
/* End PBXNativeTarget section */

/* Begin PBXProject section */
		78B1C6AD2CE33EC300360F92 /* Project object */ = {
			isa = PBXProject;
			attributes = {
				BuildIndependentTargetsInParallel = 1;
				LastSwiftUpdateCheck = 1540;
				LastUpgradeCheck = 1540;
				TargetAttributes = {
					78B1C6B42CE33EC300360F92 = {
						CreatedOnToolsVersion = 15.4;
					};
				};
			};
			buildConfigurationList = 78B1C6B02CE33EC300360F92 /* Build configuration list for PBXProject "App1039" */;
			compatibilityVersion = "Xcode 14.0";
			developmentRegion = en;
			hasScannedForEncodings = 0;
			knownRegions = (
				en,
				Base,
			);
			mainGroup = 78B1C6AC2CE33EC300360F92;
			productRefGroup = 78B1C6B62CE33EC300360F92 /* Products */;
			projectDirPath = "";
			projectRoot = "";
			targets = (
				78B1C6B42CE33EC300360F92 /* App1039 */,
			);
		};
/* End PBXProject section */

/* Begin PBXResourcesBuildPhase section */
		78B1C6B32CE33EC300360F92 /* Resources */ = {
			isa = PBXResourcesBuildPhase;
			buildActionMask = 2147483647;
			files = (
				78B1C6D32CE33F1500360F92 /* Launch Screen.storyboard in Resources */,
				78B1C6C12CE33EC500360F92 /* Preview Assets.xcassets in Resources */,
				78B1C6BD2CE33EC500360F92 /* Assets.xcassets in Resources */,
			);
			runOnlyForDeploymentPostprocessing = 0;
		};
/* End PBXResourcesBuildPhase section */

/* Begin PBXSourcesBuildPhase section */
		78B1C6B12CE33EC300360F92 /* Sources */ = {
			isa = PBXSourcesBuildPhase;
			buildActionMask = 2147483647;
			files = (
				78B1C7062CE38F2D00360F92 /* AddTime.swift in Sources */,
				78B1C6DC2CE33F3700360F92 /* CoreDataStack.swift in Sources */,
				78B1C6E12CE33F7600360F92 /* SettingsView.swift in Sources */,
				78B1C6D82CE33F2700360F92 /* CoreModel.xcdatamodeld in Sources */,
				78B1C6BB2CE33EC300360F92 /* ContentView.swift in Sources */,
				78B1C7032CE3872F00360F92 /* DateConvert.swift in Sources */,
				78B1C6F12CE3465800360F92 /* Notif.swift in Sources */,
				78B1C7012CE3864300360F92 /* TimetableViewModel.swift in Sources */,
				78B1C6EF2CE3465200360F92 /* Reviews.swift in Sources */,
				78B1C6E32CE33F7D00360F92 /* TimetableView.swift in Sources */,
				78B1C6B92CE33EC300360F92 /* App1039App.swift in Sources */,
				78B1C6DA2CE33F2E00360F92 /* Array.swift in Sources */,
				78B1C6ED2CE3464C00360F92 /* U1.swift in Sources */,
				78B1C6CF2CE33F0200360F92 /* LoadingView.swift in Sources */,
				78B1C6D52CE33F1C00360F92 /* TabBar.swift in Sources */,
				78B1C7092CE394D300360F92 /* MatchDetail.swift in Sources */,
			);
			runOnlyForDeploymentPostprocessing = 0;
		};
/* End PBXSourcesBuildPhase section */

/* Begin XCBuildConfiguration section */
		78B1C6C22CE33EC500360F92 /* Debug */ = {
			isa = XCBuildConfiguration;
			buildSettings = {
				ALWAYS_SEARCH_USER_PATHS = NO;
				ASSETCATALOG_COMPILER_GENERATE_SWIFT_ASSET_SYMBOL_EXTENSIONS = YES;
				CLANG_ANALYZER_NONNULL = YES;
				CLANG_ANALYZER_NUMBER_OBJECT_CONVERSION = YES_AGGRESSIVE;
				CLANG_CXX_LANGUAGE_STANDARD = "gnu++20";
				CLANG_ENABLE_MODULES = YES;
				CLANG_ENABLE_OBJC_ARC = YES;
				CLANG_ENABLE_OBJC_WEAK = YES;
				CLANG_WARN_BLOCK_CAPTURE_AUTORELEASING = YES;
				CLANG_WARN_BOOL_CONVERSION = YES;
				CLANG_WARN_COMMA = YES;
				CLANG_WARN_CONSTANT_CONVERSION = YES;
				CLANG_WARN_DEPRECATED_OBJC_IMPLEMENTATIONS = YES;
				CLANG_WARN_DIRECT_OBJC_ISA_USAGE = YES_ERROR;
				CLANG_WARN_DOCUMENTATION_COMMENTS = YES;
				CLANG_WARN_EMPTY_BODY = YES;
				CLANG_WARN_ENUM_CONVERSION = YES;
				CLANG_WARN_INFINITE_RECURSION = YES;
				CLANG_WARN_INT_CONVERSION = YES;
				CLANG_WARN_NON_LITERAL_NULL_CONVERSION = YES;
				CLANG_WARN_OBJC_IMPLICIT_RETAIN_SELF = YES;
				CLANG_WARN_OBJC_LITERAL_CONVERSION = YES;
				CLANG_WARN_OBJC_ROOT_CLASS = YES_ERROR;
				CLANG_WARN_QUOTED_INCLUDE_IN_FRAMEWORK_HEADER = YES;
				CLANG_WARN_RANGE_LOOP_ANALYSIS = YES;
				CLANG_WARN_STRICT_PROTOTYPES = YES;
				CLANG_WARN_SUSPICIOUS_MOVE = YES;
				CLANG_WARN_UNGUARDED_AVAILABILITY = YES_AGGRESSIVE;
				CLANG_WARN_UNREACHABLE_CODE = YES;
				CLANG_WARN__DUPLICATE_METHOD_MATCH = YES;
				COPY_PHASE_STRIP = NO;
				DEBUG_INFORMATION_FORMAT = dwarf;
				ENABLE_STRICT_OBJC_MSGSEND = YES;
				ENABLE_TESTABILITY = YES;
				ENABLE_USER_SCRIPT_SANDBOXING = YES;
				GCC_C_LANGUAGE_STANDARD = gnu17;
				GCC_DYNAMIC_NO_PIC = NO;
				GCC_NO_COMMON_BLOCKS = YES;
				GCC_OPTIMIZATION_LEVEL = 0;
				GCC_PREPROCESSOR_DEFINITIONS = (
					"DEBUG=1",
					"$(inherited)",
				);
				GCC_WARN_64_TO_32_BIT_CONVERSION = YES;
				GCC_WARN_ABOUT_RETURN_TYPE = YES_ERROR;
				GCC_WARN_UNDECLARED_SELECTOR = YES;
				GCC_WARN_UNINITIALIZED_AUTOS = YES_AGGRESSIVE;
				GCC_WARN_UNUSED_FUNCTION = YES;
				GCC_WARN_UNUSED_VARIABLE = YES;
				LOCALIZATION_PREFERS_STRING_CATALOGS = YES;
				MTL_ENABLE_DEBUG_INFO = INCLUDE_SOURCE;
				MTL_FAST_MATH = YES;
				ONLY_ACTIVE_ARCH = YES;
				SWIFT_ACTIVE_COMPILATION_CONDITIONS = "DEBUG $(inherited)";
				SWIFT_OPTIMIZATION_LEVEL = "-Onone";
			};
			name = Debug;
		};
		78B1C6C32CE33EC500360F92 /* Release */ = {
			isa = XCBuildConfiguration;
			buildSettings = {
				ALWAYS_SEARCH_USER_PATHS = NO;
				ASSETCATALOG_COMPILER_GENERATE_SWIFT_ASSET_SYMBOL_EXTENSIONS = YES;
				CLANG_ANALYZER_NONNULL = YES;
				CLANG_ANALYZER_NUMBER_OBJECT_CONVERSION = YES_AGGRESSIVE;
				CLANG_CXX_LANGUAGE_STANDARD = "gnu++20";
				CLANG_ENABLE_MODULES = YES;
				CLANG_ENABLE_OBJC_ARC = YES;
				CLANG_ENABLE_OBJC_WEAK = YES;
				CLANG_WARN_BLOCK_CAPTURE_AUTORELEASING = YES;
				CLANG_WARN_BOOL_CONVERSION = YES;
				CLANG_WARN_COMMA = YES;
				CLANG_WARN_CONSTANT_CONVERSION = YES;
				CLANG_WARN_DEPRECATED_OBJC_IMPLEMENTATIONS = YES;
				CLANG_WARN_DIRECT_OBJC_ISA_USAGE = YES_ERROR;
				CLANG_WARN_DOCUMENTATION_COMMENTS = YES;
				CLANG_WARN_EMPTY_BODY = YES;
				CLANG_WARN_ENUM_CONVERSION = YES;
				CLANG_WARN_INFINITE_RECURSION = YES;
				CLANG_WARN_INT_CONVERSION = YES;
				CLANG_WARN_NON_LITERAL_NULL_CONVERSION = YES;
				CLANG_WARN_OBJC_IMPLICIT_RETAIN_SELF = YES;
				CLANG_WARN_OBJC_LITERAL_CONVERSION = YES;
				CLANG_WARN_OBJC_ROOT_CLASS = YES_ERROR;
				CLANG_WARN_QUOTED_INCLUDE_IN_FRAMEWORK_HEADER = YES;
				CLANG_WARN_RANGE_LOOP_ANALYSIS = YES;
				CLANG_WARN_STRICT_PROTOTYPES = YES;
				CLANG_WARN_SUSPICIOUS_MOVE = YES;
				CLANG_WARN_UNGUARDED_AVAILABILITY = YES_AGGRESSIVE;
				CLANG_WARN_UNREACHABLE_CODE = YES;
				CLANG_WARN__DUPLICATE_METHOD_MATCH = YES;
				COPY_PHASE_STRIP = NO;
				DEBUG_INFORMATION_FORMAT = "dwarf-with-dsym";
				ENABLE_NS_ASSERTIONS = NO;
				ENABLE_STRICT_OBJC_MSGSEND = YES;
				ENABLE_USER_SCRIPT_SANDBOXING = YES;
				GCC_C_LANGUAGE_STANDARD = gnu17;
				GCC_NO_COMMON_BLOCKS = YES;
				GCC_WARN_64_TO_32_BIT_CONVERSION = YES;
				GCC_WARN_ABOUT_RETURN_TYPE = YES_ERROR;
				GCC_WARN_UNDECLARED_SELECTOR = YES;
				GCC_WARN_UNINITIALIZED_AUTOS = YES_AGGRESSIVE;
				GCC_WARN_UNUSED_FUNCTION = YES;
				GCC_WARN_UNUSED_VARIABLE = YES;
				LOCALIZATION_PREFERS_STRING_CATALOGS = YES;
				MTL_ENABLE_DEBUG_INFO = NO;
				MTL_FAST_MATH = YES;
				SWIFT_COMPILATION_MODE = wholemodule;
			};
			name = Release;
		};
		78B1C6C52CE33EC500360F92 /* Debug */ = {
			isa = XCBuildConfiguration;
			buildSettings = {
				ASSETCATALOG_COMPILER_APPICON_NAME = AppIcon;
				ASSETCATALOG_COMPILER_GLOBAL_ACCENT_COLOR_NAME = AccentColor;
				CODE_SIGN_ENTITLEMENTS = App1039/App1039.entitlements;
				CODE_SIGN_STYLE = Automatic;
				CURRENT_PROJECT_VERSION = 1;
				DEVELOPMENT_ASSET_PATHS = "\"App1039/Preview Content\"";
				ENABLE_PREVIEWS = YES;
				GENERATE_INFOPLIST_FILE = YES;
				INFOPLIST_KEY_CFBundleDisplayName = "Sports WinTracker";
				"INFOPLIST_KEY_UIApplicationSceneManifest_Generation[sdk=iphoneos*]" = YES;
				"INFOPLIST_KEY_UIApplicationSceneManifest_Generation[sdk=iphonesimulator*]" = YES;
				"INFOPLIST_KEY_UIApplicationSupportsIndirectInputEvents[sdk=iphoneos*]" = YES;
				"INFOPLIST_KEY_UIApplicationSupportsIndirectInputEvents[sdk=iphonesimulator*]" = YES;
				"INFOPLIST_KEY_UILaunchScreen_Generation[sdk=iphoneos*]" = YES;
				"INFOPLIST_KEY_UILaunchScreen_Generation[sdk=iphonesimulator*]" = YES;
				INFOPLIST_KEY_UILaunchStoryboardName = "Launch Screen.storyboard";
				"INFOPLIST_KEY_UIStatusBarStyle[sdk=iphoneos*]" = UIStatusBarStyleDefault;
				"INFOPLIST_KEY_UIStatusBarStyle[sdk=iphonesimulator*]" = UIStatusBarStyleDefault;
				INFOPLIST_KEY_UISupportedInterfaceOrientations = UIInterfaceOrientationPortrait;
				INFOPLIST_KEY_UISupportedInterfaceOrientations_iPad = "UIInterfaceOrientationLandscapeLeft UIInterfaceOrientationLandscapeRight UIInterfaceOrientationPortrait UIInterfaceOrientationPortraitUpsideDown";
				IPHONEOS_DEPLOYMENT_TARGET = 14.0;
				LD_RUNPATH_SEARCH_PATHS = "@executable_path/Frameworks";
				"LD_RUNPATH_SEARCH_PATHS[sdk=macosx*]" = "@executable_path/../Frameworks";
				MACOSX_DEPLOYMENT_TARGET = 14.1;
				MARKETING_VERSION = 1.1;
				PRODUCT_BUNDLE_IDENTIFIER = IOI.App1039;
				PRODUCT_NAME = "$(TARGET_NAME)";
				SDKROOT = auto;
				SUPPORTED_PLATFORMS = "iphoneos iphonesimulator";
				SUPPORTS_MACCATALYST = NO;
				SWIFT_EMIT_LOC_STRINGS = YES;
				SWIFT_VERSION = 5.0;
				TARGETED_DEVICE_FAMILY = 1;
			};
			name = Debug;
		};
		78B1C6C62CE33EC500360F92 /* Release */ = {
			isa = XCBuildConfiguration;
			buildSettings = {
				ASSETCATALOG_COMPILER_APPICON_NAME = AppIcon;
				ASSETCATALOG_COMPILER_GLOBAL_ACCENT_COLOR_NAME = AccentColor;
				CODE_SIGN_ENTITLEMENTS = App1039/App1039.entitlements;
				CODE_SIGN_STYLE = Automatic;
				CURRENT_PROJECT_VERSION = 1;
				DEVELOPMENT_ASSET_PATHS = "\"App1039/Preview Content\"";
				ENABLE_PREVIEWS = YES;
				GENERATE_INFOPLIST_FILE = YES;
				INFOPLIST_KEY_CFBundleDisplayName = "Sports WinTracker";
				"INFOPLIST_KEY_UIApplicationSceneManifest_Generation[sdk=iphoneos*]" = YES;
				"INFOPLIST_KEY_UIApplicationSceneManifest_Generation[sdk=iphonesimulator*]" = YES;
				"INFOPLIST_KEY_UIApplicationSupportsIndirectInputEvents[sdk=iphoneos*]" = YES;
				"INFOPLIST_KEY_UIApplicationSupportsIndirectInputEvents[sdk=iphonesimulator*]" = YES;
				"INFOPLIST_KEY_UILaunchScreen_Generation[sdk=iphoneos*]" = YES;
				"INFOPLIST_KEY_UILaunchScreen_Generation[sdk=iphonesimulator*]" = YES;
				INFOPLIST_KEY_UILaunchStoryboardName = "Launch Screen.storyboard";
				"INFOPLIST_KEY_UIStatusBarStyle[sdk=iphoneos*]" = UIStatusBarStyleDefault;
				"INFOPLIST_KEY_UIStatusBarStyle[sdk=iphonesimulator*]" = UIStatusBarStyleDefault;
				INFOPLIST_KEY_UISupportedInterfaceOrientations = UIInterfaceOrientationPortrait;
				INFOPLIST_KEY_UISupportedInterfaceOrientations_iPad = "UIInterfaceOrientationLandscapeLeft UIInterfaceOrientationLandscapeRight UIInterfaceOrientationPortrait UIInterfaceOrientationPortraitUpsideDown";
				IPHONEOS_DEPLOYMENT_TARGET = 14.0;
				LD_RUNPATH_SEARCH_PATHS = "@executable_path/Frameworks";
				"LD_RUNPATH_SEARCH_PATHS[sdk=macosx*]" = "@executable_path/../Frameworks";
				MACOSX_DEPLOYMENT_TARGET = 14.1;
				MARKETING_VERSION = 1.1;
				PRODUCT_BUNDLE_IDENTIFIER = IOI.App1039;
				PRODUCT_NAME = "$(TARGET_NAME)";
				SDKROOT = auto;
				SUPPORTED_PLATFORMS = "iphoneos iphonesimulator";
				SUPPORTS_MACCATALYST = NO;
				SWIFT_EMIT_LOC_STRINGS = YES;
				SWIFT_VERSION = 5.0;
				TARGETED_DEVICE_FAMILY = 1;
			};
			name = Release;
		};
/* End XCBuildConfiguration section */

/* Begin XCConfigurationList section */
		78B1C6B02CE33EC300360F92 /* Build configuration list for PBXProject "App1039" */ = {
			isa = XCConfigurationList;
			buildConfigurations = (
				78B1C6C22CE33EC500360F92 /* Debug */,
				78B1C6C32CE33EC500360F92 /* Release */,
			);
			defaultConfigurationIsVisible = 0;
			defaultConfigurationName = Release;
		};
		78B1C6C42CE33EC500360F92 /* Build configuration list for PBXNativeTarget "App1039" */ = {
			isa = XCConfigurationList;
			buildConfigurations = (
				78B1C6C52CE33EC500360F92 /* Debug */,
				78B1C6C62CE33EC500360F92 /* Release */,
			);
			defaultConfigurationIsVisible = 0;
			defaultConfigurationName = Release;
		};
/* End XCConfigurationList section */

/* Begin XCVersionGroup section */
		78B1C6D62CE33F2700360F92 /* CoreModel.xcdatamodeld */ = {
			isa = XCVersionGroup;
			children = (
				78B1C6D72CE33F2700360F92 /* CoreModel.xcdatamodel */,
			);
			currentVersion = 78B1C6D72CE33F2700360F92 /* CoreModel.xcdatamodel */;
			name = CoreModel.xcdatamodeld;
			path = /Users/igor/Documents/Applications/App1039/App1039/All/Ext/CoreModel.xcdatamodeld;
			sourceTree = "<group>";
			versionGroupType = wrapper.xcdatamodel;
		};
/* End XCVersionGroup section */
	};
	rootObject = 78B1C6AD2CE33EC300360F92 /* Project object */;
}
